
Microsoft Visual Studio Solution File, Format Version 12.00
# Visual Studio Version 17
VisualStudioVersion = 17.1.32421.90
MinimumVisualStudioVersion = 10.0.40219.1
Project("{FAE04EC0-301F-11D3-BF4B-00C04F79EFBC}") = "EzAccess", "EzAccess.csproj", "{9F83B7F2-27D6-4157-AEC1-AD1CA072D6B8}"
EndProject
Global
	GlobalSection(SolutionConfigurationPlatforms) = preSolution
		Debug|Any CPU = Debug|Any CPU
		Release|Any CPU = Release|Any CPU
	EndGlobalSection
	GlobalSection(ProjectConfigurationPlatforms) = postSolution
		{9F83B7F2-27D6-4157-AEC1-AD1CA072D6B8}.Debug|Any CPU.ActiveCfg = Debug|Any CPU
		{9F83B7F2-27D6-4157-AEC1-AD1CA072D6B8}.Debug|Any CPU.Build.0 = Debug|Any CPU
		{9F83B7F2-27D6-4157-AEC1-AD1CA072D6B8}.Release|Any CPU.ActiveCfg = Release|Any CPU
		{9F83B7F2-27D6-4157-AEC1-AD1CA072D6B8}.Release|Any CPU.Build.0 = Release|Any CPU
	EndGlobalSection
	GlobalSection(SolutionProperties) = preSolution
		HideSolutionNode = FALSE
	EndGlobalSection
	GlobalSection(ExtensibilityGlobals) = postSolution
		SolutionGuid = {34F08AB9-BC29-4E9A-8699-9028D54B07E4}
	EndGlobalSection
EndGlobal
